
Microsoft Visual Studio Solution File, Format Version 12.00
# Visual Studio Version 16
VisualStudioVersion = 16.0.28803.202
MinimumVisualStudioVersion = 10.0.40219.1
Project("{FAE04EC0-301F-11D3-BF4B-00C04F79EFBC}") = "拾色器", "拾色器\拾色器.csproj", "{D207A30F-445D-4C6B-B9C0-2B12D676D045}"
EndProject
Global
	GlobalSection(SolutionConfigurationPlatforms) = preSolution
		Debug|Any CPU = Debug|Any CPU
		Release|Any CPU = Release|Any CPU
	EndGlobalSection
	GlobalSection(ProjectConfigurationPlatforms) = postSolution
		{D207A30F-445D-4C6B-B9C0-2B12D676D045}.Debug|Any CPU.ActiveCfg = Debug|Any CPU
		{D207A30F-445D-4C6B-B9C0-2B12D676D045}.Debug|Any CPU.Build.0 = Debug|Any CPU
		{D207A30F-445D-4C6B-B9C0-2B12D676D045}.Release|Any CPU.ActiveCfg = Release|Any CPU
		{D207A30F-445D-4C6B-B9C0-2B12D676D045}.Release|Any CPU.Build.0 = Release|Any CPU
	EndGlobalSection
	GlobalSection(SolutionProperties) = preSolution
		HideSolutionNode = FALSE
	EndGlobalSection
	GlobalSection(ExtensibilityGlobals) = postSolution
		SolutionGuid = {431E515D-EB4A-4621-8A34-29334ECC04D4}
	EndGlobalSection
EndGlobal
